
Microsoft Visual Studio Solution File, Format Version 12.00
# Visual Studio Version 17
VisualStudioVersion = 17.11.35312.102
MinimumVisualStudioVersion = 10.0.40219.1
Project("{FAE04EC0-301F-11D3-BF4B-00C04F79EFBC}") = "PeliculasApi", "PeliculasApi\PeliculasApi.csproj", "{863EFBC7-3B81-4997-82BB-DBD02B49070B}"
EndProject
Global
	GlobalSection(SolutionConfigurationPlatforms) = preSolution
		Debug|Any CPU = Debug|Any CPU
		Release|Any CPU = Release|Any CPU
	EndGlobalSection
	GlobalSection(ProjectConfigurationPlatforms) = postSolution
		{863EFBC7-3B81-4997-82BB-DBD02B49070B}.Debug|Any CPU.ActiveCfg = Debug|Any CPU
		{863EFBC7-3B81-4997-82BB-DBD02B49070B}.Debug|Any CPU.Build.0 = Debug|Any CPU
		{863EFBC7-3B81-4997-82BB-DBD02B49070B}.Release|Any CPU.ActiveCfg = Release|Any CPU
		{863EFBC7-3B81-4997-82BB-DBD02B49070B}.Release|Any CPU.Build.0 = Release|Any CPU
	EndGlobalSection
	GlobalSection(SolutionProperties) = preSolution
		HideSolutionNode = FALSE
	EndGlobalSection
	GlobalSection(ExtensibilityGlobals) = postSolution
		SolutionGuid = {F19FB5F0-16C3-4BE3-9FF4-F615B78CAFC4}
	EndGlobalSection
EndGlobal
